
Microsoft Visual Studio Solution File, Format Version 12.00
# Visual Studio Version 16
VisualStudioVersion = 16.0.30804.86
MinimumVisualStudioVersion = 10.0.40219.1
Project("{FAE04EC0-301F-11D3-BF4B-00C04F79EFBC}") = "ClarityHMI", "ClarityHMI.csproj", "{7FA381B2-191D-48E9-9454-40CF5A4692AA}"
EndProject
Project("{FAE04EC0-301F-11D3-BF4B-00C04F79EFBC}") = "TestClatity", "..\TestClatity\TestClatity.csproj", "{8C900C1B-2267-4D46-B9AF-37A9FE42F6D2}"
EndProject
Global
	GlobalSection(SolutionConfigurationPlatforms) = preSolution
		Debug|Any CPU = Debug|Any CPU
		Release|Any CPU = Release|Any CPU
	EndGlobalSection
	GlobalSection(ProjectConfigurationPlatforms) = postSolution
		{7FA381B2-191D-48E9-9454-40CF5A4692AA}.Debug|Any CPU.ActiveCfg = Debug|Any CPU
		{7FA381B2-191D-48E9-9454-40CF5A4692AA}.Debug|Any CPU.Build.0 = Debug|Any CPU
		{7FA381B2-191D-48E9-9454-40CF5A4692AA}.Release|Any CPU.ActiveCfg = Release|Any CPU
		{7FA381B2-191D-48E9-9454-40CF5A4692AA}.Release|Any CPU.Build.0 = Release|Any CPU
		{8C900C1B-2267-4D46-B9AF-37A9FE42F6D2}.Debug|Any CPU.ActiveCfg = Debug|Any CPU
		{8C900C1B-2267-4D46-B9AF-37A9FE42F6D2}.Debug|Any CPU.Build.0 = Debug|Any CPU
		{8C900C1B-2267-4D46-B9AF-37A9FE42F6D2}.Release|Any CPU.ActiveCfg = Release|Any CPU
		{8C900C1B-2267-4D46-B9AF-37A9FE42F6D2}.Release|Any CPU.Build.0 = Release|Any CPU
	EndGlobalSection
	GlobalSection(SolutionProperties) = preSolution
		HideSolutionNode = FALSE
	EndGlobalSection
	GlobalSection(ExtensibilityGlobals) = postSolution
		SolutionGuid = {EBB2B969-6C54-409D-9BC9-4136D86AC067}
	EndGlobalSection
EndGlobal
